
Microsoft Visual Studio Solution File, Format Version 12.00
# Visual Studio Version 16
VisualStudioVersion = 16.0.30011.22
MinimumVisualStudioVersion = 10.0.40219.1
Project("{FAE04EC0-301F-11D3-BF4B-00C04F79EFBC}") = "LogIn200", "LogIn200\LogIn200.csproj", "{44961450-024F-47C2-B663-4DCE760D4998}"
EndProject
Project("{FAE04EC0-301F-11D3-BF4B-00C04F79EFBC}") = "Login200-Modified", "Login200-Modified\Login200-Modified.csproj", "{DC05FE4F-8088-44C5-9DEE-716CFE6EC464}"
EndProject
Global
	GlobalSection(SolutionConfigurationPlatforms) = preSolution
		Debug|Any CPU = Debug|Any CPU
		Release|Any CPU = Release|Any CPU
	EndGlobalSection
	GlobalSection(ProjectConfigurationPlatforms) = postSolution
		{44961450-024F-47C2-B663-4DCE760D4998}.Debug|Any CPU.ActiveCfg = Debug|Any CPU
		{44961450-024F-47C2-B663-4DCE760D4998}.Debug|Any CPU.Build.0 = Debug|Any CPU
		{44961450-024F-47C2-B663-4DCE760D4998}.Release|Any CPU.ActiveCfg = Release|Any CPU
		{44961450-024F-47C2-B663-4DCE760D4998}.Release|Any CPU.Build.0 = Release|Any CPU
		{DC05FE4F-8088-44C5-9DEE-716CFE6EC464}.Debug|Any CPU.ActiveCfg = Debug|Any CPU
		{DC05FE4F-8088-44C5-9DEE-716CFE6EC464}.Debug|Any CPU.Build.0 = Debug|Any CPU
		{DC05FE4F-8088-44C5-9DEE-716CFE6EC464}.Release|Any CPU.ActiveCfg = Release|Any CPU
		{DC05FE4F-8088-44C5-9DEE-716CFE6EC464}.Release|Any CPU.Build.0 = Release|Any CPU
	EndGlobalSection
	GlobalSection(SolutionProperties) = preSolution
		HideSolutionNode = FALSE
	EndGlobalSection
	GlobalSection(ExtensibilityGlobals) = postSolution
		SolutionGuid = {C1911F49-9440-4293-8D92-DF990686D1CE}
	EndGlobalSection
EndGlobal
